
Microsoft Visual Studio Solution File, Format Version 12.00
# Visual Studio Version 17
VisualStudioVersion = 17.8.34330.188
MinimumVisualStudioVersion = 10.0.40219.1
Project("{FAE04EC0-301F-11D3-BF4B-00C04F79EFBC}") = "myproject2", "myproject2\myproject2.csproj", "{E45E2DD0-561A-4B4E-9F37-F26173F220FF}"
EndProject
Global
	GlobalSection(SolutionConfigurationPlatforms) = preSolution
		Debug|Any CPU = Debug|Any CPU
		Release|Any CPU = Release|Any CPU
	EndGlobalSection
	GlobalSection(ProjectConfigurationPlatforms) = postSolution
		{E45E2DD0-561A-4B4E-9F37-F26173F220FF}.Debug|Any CPU.ActiveCfg = Debug|Any CPU
		{E45E2DD0-561A-4B4E-9F37-F26173F220FF}.Debug|Any CPU.Build.0 = Debug|Any CPU
		{E45E2DD0-561A-4B4E-9F37-F26173F220FF}.Release|Any CPU.ActiveCfg = Release|Any CPU
		{E45E2DD0-561A-4B4E-9F37-F26173F220FF}.Release|Any CPU.Build.0 = Release|Any CPU
	EndGlobalSection
	GlobalSection(SolutionProperties) = preSolution
		HideSolutionNode = FALSE
	EndGlobalSection
	GlobalSection(ExtensibilityGlobals) = postSolution
		SolutionGuid = {02E8F875-A3FB-47CB-A6BF-5717028F879D}
	EndGlobalSection
EndGlobal
